
Microsoft Visual Studio Solution File, Format Version 12.00
# Visual Studio Version 17
VisualStudioVersion = 17.5.33424.131
MinimumVisualStudioVersion = 10.0.40219.1
Project("{FAE04EC0-301F-11D3-BF4B-00C04F79EFBC}") = "LaboratorioTP", "LaboratorioTP\LaboratorioTP.csproj", "{DC2F7D9C-B6C9-4F4E-9274-EF866AAF33F5}"
EndProject
Global
	GlobalSection(SolutionConfigurationPlatforms) = preSolution
		Debug|Any CPU = Debug|Any CPU
		Release|Any CPU = Release|Any CPU
	EndGlobalSection
	GlobalSection(ProjectConfigurationPlatforms) = postSolution
		{DC2F7D9C-B6C9-4F4E-9274-EF866AAF33F5}.Debug|Any CPU.ActiveCfg = Debug|Any CPU
		{DC2F7D9C-B6C9-4F4E-9274-EF866AAF33F5}.Debug|Any CPU.Build.0 = Debug|Any CPU
		{DC2F7D9C-B6C9-4F4E-9274-EF866AAF33F5}.Release|Any CPU.ActiveCfg = Release|Any CPU
		{DC2F7D9C-B6C9-4F4E-9274-EF866AAF33F5}.Release|Any CPU.Build.0 = Release|Any CPU
	EndGlobalSection
	GlobalSection(SolutionProperties) = preSolution
		HideSolutionNode = FALSE
	EndGlobalSection
	GlobalSection(ExtensibilityGlobals) = postSolution
		SolutionGuid = {B94804E7-8D97-4AB2-90C6-3351588493E5}
	EndGlobalSection
EndGlobal
